
Microsoft Visual Studio Solution File, Format Version 12.00
# Visual Studio 15
VisualStudioVersion = 15.0.27130.2036
MinimumVisualStudioVersion = 10.0.40219.1
Project("{FAE04EC0-301F-11D3-BF4B-00C04F79EFBC}") = "Section1", "Section1\Section1.csproj", "{588882FA-0C3F-41DE-9EEF-95ACD3070411}"
EndProject
Global
	GlobalSection(SolutionConfigurationPlatforms) = preSolution
		Debug|Any CPU = Debug|Any CPU
		Release|Any CPU = Release|Any CPU
	EndGlobalSection
	GlobalSection(ProjectConfigurationPlatforms) = postSolution
		{588882FA-0C3F-41DE-9EEF-95ACD3070411}.Debug|Any CPU.ActiveCfg = Debug|Any CPU
		{588882FA-0C3F-41DE-9EEF-95ACD3070411}.Debug|Any CPU.Build.0 = Debug|Any CPU
		{588882FA-0C3F-41DE-9EEF-95ACD3070411}.Release|Any CPU.ActiveCfg = Release|Any CPU
		{588882FA-0C3F-41DE-9EEF-95ACD3070411}.Release|Any CPU.Build.0 = Release|Any CPU
	EndGlobalSection
	GlobalSection(SolutionProperties) = preSolution
		HideSolutionNode = FALSE
	EndGlobalSection
	GlobalSection(ExtensibilityGlobals) = postSolution
		SolutionGuid = {28B61A91-5D32-46F1-BD82-E137D9BC5897}
	EndGlobalSection
EndGlobal
