
Microsoft Visual Studio Solution File, Format Version 12.00
# Visual Studio 15
VisualStudioVersion = 15.0.28010.2026
MinimumVisualStudioVersion = 10.0.40219.1
Project("{FAE04EC0-301F-11D3-BF4B-00C04F79EFBC}") = "CharacterCreator.Winforms", "CharacterCreator.Winforms\CharacterCreator.Winforms.csproj", "{2B8E5B6B-E3A6-4208-A0CC-765E91BF72BB}"
EndProject
Project("{FAE04EC0-301F-11D3-BF4B-00C04F79EFBC}") = "CharacterCreator", "CharacterCreator\CharacterCreator.csproj", "{EC655D5F-CD3C-4589-A685-57A3D6A9D2F9}"
EndProject
Global
	GlobalSection(SolutionConfigurationPlatforms) = preSolution
		Debug|Any CPU = Debug|Any CPU
		Release|Any CPU = Release|Any CPU
	EndGlobalSection
	GlobalSection(ProjectConfigurationPlatforms) = postSolution
		{2B8E5B6B-E3A6-4208-A0CC-765E91BF72BB}.Debug|Any CPU.ActiveCfg = Debug|Any CPU
		{2B8E5B6B-E3A6-4208-A0CC-765E91BF72BB}.Debug|Any CPU.Build.0 = Debug|Any CPU
		{2B8E5B6B-E3A6-4208-A0CC-765E91BF72BB}.Release|Any CPU.ActiveCfg = Release|Any CPU
		{2B8E5B6B-E3A6-4208-A0CC-765E91BF72BB}.Release|Any CPU.Build.0 = Release|Any CPU
		{EC655D5F-CD3C-4589-A685-57A3D6A9D2F9}.Debug|Any CPU.ActiveCfg = Debug|Any CPU
		{EC655D5F-CD3C-4589-A685-57A3D6A9D2F9}.Debug|Any CPU.Build.0 = Debug|Any CPU
		{EC655D5F-CD3C-4589-A685-57A3D6A9D2F9}.Release|Any CPU.ActiveCfg = Release|Any CPU
		{EC655D5F-CD3C-4589-A685-57A3D6A9D2F9}.Release|Any CPU.Build.0 = Release|Any CPU
	EndGlobalSection
	GlobalSection(SolutionProperties) = preSolution
		HideSolutionNode = FALSE
	EndGlobalSection
	GlobalSection(ExtensibilityGlobals) = postSolution
		SolutionGuid = {F3C5E2EE-E474-4ADB-88FB-443727A06242}
	EndGlobalSection
EndGlobal
