
Microsoft Visual Studio Solution File, Format Version 12.00
# Visual Studio 15
VisualStudioVersion = 15.0.28010.2026
MinimumVisualStudioVersion = 10.0.40219.1
Project("{FAE04EC0-301F-11D3-BF4B-00C04F79EFBC}") = "PizzaCreator", "PizzaCreator\PizzaCreator.csproj", "{243ACA09-6DC7-4A00-9FA1-31EC35B9D3D5}"
EndProject
Global
	GlobalSection(SolutionConfigurationPlatforms) = preSolution
		Debug|Any CPU = Debug|Any CPU
		Release|Any CPU = Release|Any CPU
	EndGlobalSection
	GlobalSection(ProjectConfigurationPlatforms) = postSolution
		{243ACA09-6DC7-4A00-9FA1-31EC35B9D3D5}.Debug|Any CPU.ActiveCfg = Debug|Any CPU
		{243ACA09-6DC7-4A00-9FA1-31EC35B9D3D5}.Debug|Any CPU.Build.0 = Debug|Any CPU
		{243ACA09-6DC7-4A00-9FA1-31EC35B9D3D5}.Release|Any CPU.ActiveCfg = Release|Any CPU
		{243ACA09-6DC7-4A00-9FA1-31EC35B9D3D5}.Release|Any CPU.Build.0 = Release|Any CPU
	EndGlobalSection
	GlobalSection(SolutionProperties) = preSolution
		HideSolutionNode = FALSE
	EndGlobalSection
	GlobalSection(ExtensibilityGlobals) = postSolution
		SolutionGuid = {6428E1CA-F30A-4A5B-A07D-3B3D044F2DC6}
	EndGlobalSection
EndGlobal
